// !$*UTF8*$!
{
	archiveVersion = 1;
	classes = {
	};
	objectVersion = 50;
	objects = {

/* Begin PBXBuildFile section */
		8F921C0D2468B34F0009B7ED /* AppDelegate.swift in Sources */ = {isa = PBXBuildFile; fileRef = 8F921C0C2468B34F0009B7ED /* AppDelegate.swift */; };
		8F921C0F2468B34F0009B7ED /* SceneDelegate.swift in Sources */ = {isa = PBXBuildFile; fileRef = 8F921C0E2468B34F0009B7ED /* SceneDelegate.swift */; };
		8F921C112468B34F0009B7ED /* ContentView.swift in Sources */ = {isa = PBXBuildFile; fileRef = 8F921C102468B34F0009B7ED /* ContentView.swift */; };
		8F921C132468B3520009B7ED /* Assets.xcassets in Resources */ = {isa = PBXBuildFile; fileRef = 8F921C122468B3520009B7ED /* Assets.xcassets */; };
		8F921C162468B3520009B7ED /* Preview Assets.xcassets in Resources */ = {isa = PBXBuildFile; fileRef = 8F921C152468B3520009B7ED /* Preview Assets.xcassets */; };
		8F921C192468B3520009B7ED /* LaunchScreen.storyboard in Resources */ = {isa = PBXBuildFile; fileRef = 8F921C172468B3520009B7ED /* LaunchScreen.storyboard */; };
		8F921C242468B3520009B7ED /* DriveSafeTests.swift in Sources */ = {isa = PBXBuildFile; fileRef = 8F921C232468B3520009B7ED /* DriveSafeTests.swift */; };
/* End PBXBuildFile section */

/* Begin PBXContainerItemProxy section */
		8F921C202468B3520009B7ED /* PBXContainerItemProxy */ = {
			isa = PBXContainerItemProxy;
			containerPortal = 8F921C012468B34F0009B7ED /* Project object */;
			proxyType = 1;
			remoteGlobalIDString = 8F921C082468B34F0009B7ED;
			remoteInfo = DriveSafe;
		};
/* End PBXContainerItemProxy section */

/* Begin PBXFileReference section */
		8F921C092468B34F0009B7ED /* DriveSafe.app */ = {isa = PBXFileReference; explicitFileType = wrapper.application; includeInIndex = 0; path = DriveSafe.app; sourceTree = BUILT_PRODUCTS_DIR; };
		8F921C0C2468B34F0009B7ED /* AppDelegate.swift */ = {isa = PBXFileReference; lastKnownFileType = sourcecode.swift; path = AppDelegate.swift; sourceTree = "<group>"; };
		8F921C0E2468B34F0009B7ED /* SceneDelegate.swift */ = {isa = PBXFileReference; lastKnownFileType = sourcecode.swift; path = SceneDelegate.swift; sourceTree = "<group>"; };
		8F921C102468B34F0009B7ED /* ContentView.swift */ = {isa = PBXFileReference; lastKnownFileType = sourcecode.swift; path = ContentView.swift; sourceTree = "<group>"; };
		8F921C122468B3520009B7ED /* Assets.xcassets */ = {isa = PBXFileReference; lastKnownFileType = folder.assetcatalog; path = Assets.xcassets; sourceTree = "<group>"; };
		8F921C152468B3520009B7ED /* Preview Assets.xcassets */ = {isa = PBXFileReference; lastKnownFileType = folder.assetcatalog; path = "Preview Assets.xcassets"; sourceTree = "<group>"; };
		8F921C182468B3520009B7ED /* Base */ = {isa = PBXFileReference; lastKnownFileType = file.storyboard; name = Base; path = Base.lproj/LaunchScreen.storyboard; sourceTree = "<group>"; };
		8F921C1A2468B3520009B7ED /* Info.plist */ = {isa = PBXFileReference; lastKnownFileType = text.plist.xml; path = Info.plist; sourceTree = "<group>"; };
		8F921C1F2468B3520009B7ED /* DriveSafeTests.xctest */ = {isa = PBXFileReference; explicitFileType = wrapper.cfbundle; includeInIndex = 0; path = DriveSafeTests.xctest; sourceTree = BUILT_PRODUCTS_DIR; };
		8F921C232468B3520009B7ED /* DriveSafeTests.swift */ = {isa = PBXFileReference; lastKnownFileType = sourcecode.swift; path = DriveSafeTests.swift; sourceTree = "<group>"; };
		8F921C252468B3520009B7ED /* Info.plist */ = {isa = PBXFileReference; lastKnownFileType = text.plist.xml; path = Info.plist; sourceTree = "<group>"; };
/* End PBXFileReference section */

/* Begin PBXFrameworksBuildPhase section */
		8F921C062468B34F0009B7ED /* Frameworks */ = {
			isa = PBXFrameworksBuildPhase;
			buildActionMask = 2147483647;
			files = (
			);
			runOnlyForDeploymentPostprocessing = 0;
		};
		8F921C1C2468B3520009B7ED /* Frameworks */ = {
			isa = PBXFrameworksBuildPhase;
			buildActionMask = 2147483647;
			files = (
			);
			runOnlyForDeploymentPostprocessing = 0;
		};
/* End PBXFrameworksBuildPhase section */

/* Begin PBXGroup section */
		8F921C002468B34F0009B7ED = {
			isa = PBXGroup;
			children = (
				8F921C0B2468B34F0009B7ED /* DriveSafe */,
				8F921C222468B3520009B7ED /* DriveSafeTests */,
				8F921C0A2468B34F0009B7ED /* Products */,
			);
			sourceTree = "<group>";
		};
		8F921C0A2468B34F0009B7ED /* Products */ = {
			isa = PBXGroup;
			children = (
				8F921C092468B34F0009B7ED /* DriveSafe.app */,
				8F921C1F2468B3520009B7ED /* DriveSafeTests.xctest */,
			);
			name = Products;
			sourceTree = "<group>";
		};
		8F921C0B2468B34F0009B7ED /* DriveSafe */ = {
			isa = PBXGroup;
			children = (
				8F921C0C2468B34F0009B7ED /* AppDelegate.swift */,
				8F921C0E2468B34F0009B7ED /* SceneDelegate.swift */,
				8F921C102468B34F0009B7ED /* ContentView.swift */,
				8F921C122468B3520009B7ED /* Assets.xcassets */,
				8F921C172468B3520009B7ED /* LaunchScreen.storyboard */,
				8F921C1A2468B3520009B7ED /* Info.plist */,
				8F921C142468B3520009B7ED /* Preview Content */,
			);
			path = DriveSafe;
			sourceTree = "<group>";
		};
		8F921C142468B3520009B7ED /* Preview Content */ = {
			isa = PBXGroup;
			children = (
				8F921C152468B3520009B7ED /* Preview Assets.xcassets */,
			);
			path = "Preview Content";
			sourceTree = "<group>";
		};
		8F921C222468B3520009B7ED /* DriveSafeTests */ = {
			isa = PBXGroup;
			children = (
				8F921C232468B3520009B7ED /* DriveSafeTests.swift */,
				8F921C252468B3520009B7ED /* Info.plist */,
			);
			path = DriveSafeTests;
			sourceTree = "<group>";
		};
/* End PBXGroup section */

/* Begin PBXNativeTarget section */
		8F921C082468B34F0009B7ED /* DriveSafe */ = {
			isa = PBXNativeTarget;
			buildConfigurationList = 8F921C282468B3520009B7ED /* Build configuration list for PBXNativeTarget "DriveSafe" */;
			buildPhases = (
				8F921C052468B34F0009B7ED /* Sources */,
				8F921C062468B34F0009B7ED /* Frameworks */,
				8F921C072468B34F0009B7ED /* Resources */,
			);
			buildRules = (
			);
			dependencies = (
			);
			name = DriveSafe;
			productName = DriveSafe;
			productReference = 8F921C092468B34F0009B7ED /* DriveSafe.app */;
			productType = "com.apple.product-type.application";
		};
		8F921C1E2468B3520009B7ED /* DriveSafeTests */ = {
			isa = PBXNativeTarget;
			buildConfigurationList = 8F921C2B2468B3520009B7ED /* Build configuration list for PBXNativeTarget "DriveSafeTests" */;
			buildPhases = (
				8F921C1B2468B3520009B7ED /* Sources */,
				8F921C1C2468B3520009B7ED /* Frameworks */,
				8F921C1D2468B3520009B7ED /* Resources */,
			);
			buildRules = (
			);
			dependencies = (
				8F921C212468B3520009B7ED /* PBXTargetDependency */,
			);
			name = DriveSafeTests;
			productName = DriveSafeTests;
			productReference = 8F921C1F2468B3520009B7ED /* DriveSafeTests.xctest */;
			productType = "com.apple.product-type.bundle.unit-test";
		};
/* End PBXNativeTarget section */

/* Begin PBXProject section */
		8F921C012468B34F0009B7ED /* Project object */ = {
			isa = PBXProject;
			attributes = {
				LastSwiftUpdateCheck = 1140;
				LastUpgradeCheck = 1140;
				ORGANIZATIONNAME = "Adam Baldwin";
				TargetAttributes = {
					8F921C082468B34F0009B7ED = {
						CreatedOnToolsVersion = 11.4.1;
					};
					8F921C1E2468B3520009B7ED = {
						CreatedOnToolsVersion = 11.4.1;
						TestTargetID = 8F921C082468B34F0009B7ED;
					};
				};
			};
			buildConfigurationList = 8F921C042468B34F0009B7ED /* Build configuration list for PBXProject "DriveSafe" */;
			compatibilityVersion = "Xcode 9.3";
			developmentRegion = en;
			hasScannedForEncodings = 0;
			knownRegions = (
				en,
				Base,
			);
			mainGroup = 8F921C002468B34F0009B7ED;
			productRefGroup = 8F921C0A2468B34F0009B7ED /* Products */;
			projectDirPath = "";
			projectRoot = "";
			targets = (
				8F921C082468B34F0009B7ED /* DriveSafe */,
				8F921C1E2468B3520009B7ED /* DriveSafeTests */,
			);
		};
/* End PBXProject section */

/* Begin PBXResourcesBuildPhase section */
		8F921C072468B34F0009B7ED /* Resources */ = {
			isa = PBXResourcesBuildPhase;
			buildActionMask = 2147483647;
			files = (
				8F921C192468B3520009B7ED /* LaunchScreen.storyboard in Resources */,
				8F921C162468B3520009B7ED /* Preview Assets.xcassets in Resources */,
				8F921C132468B3520009B7ED /* Assets.xcassets in Resources */,
			);
			runOnlyForDeploymentPostprocessing = 0;
		};
		8F921C1D2468B3520009B7ED /* Resources */ = {
			isa = PBXResourcesBuildPhase;
			buildActionMask = 2147483647;
			files = (
			);
			runOnlyForDeploymentPostprocessing = 0;
		};
/* End PBXResourcesBuildPhase section */

/* Begin PBXSourcesBuildPhase section */
		8F921C052468B34F0009B7ED /* Sources */ = {
			isa = PBXSourcesBuildPhase;
			buildActionMask = 2147483647;
			files = (
				8F921C0D2468B34F0009B7ED /* AppDelegate.swift in Sources */,
				8F921C0F2468B34F0009B7ED /* SceneDelegate.swift in Sources */,
				8F921C112468B34F0009B7ED /* ContentView.swift in Sources */,
			);
			runOnlyForDeploymentPostprocessing = 0;
		};
		8F921C1B2468B3520009B7ED /* Sources */ = {
			isa = PBXSourcesBuildPhase;
			buildActionMask = 2147483647;
			files = (
				8F921C242468B3520009B7ED /* DriveSafeTests.swift in Sources */,
			);
			runOnlyForDeploymentPostprocessing = 0;
		};
/* End PBXSourcesBuildPhase section */

/* Begin PBXTargetDependency section */
		8F921C212468B3520009B7ED /* PBXTargetDependency */ = {
			isa = PBXTargetDependency;
			target = 8F921C082468B34F0009B7ED /* DriveSafe */;
			targetProxy = 8F921C202468B3520009B7ED /* PBXContainerItemProxy */;
		};
/* End PBXTargetDependency section */

/* Begin PBXVariantGroup section */
		8F921C172468B3520009B7ED /* LaunchScreen.storyboard */ = {
			isa = PBXVariantGroup;
			children = (
				8F921C182468B3520009B7ED /* Base */,
			);
			name = LaunchScreen.storyboard;
			sourceTree = "<group>";
		};
/* End PBXVariantGroup section */

/* Begin XCBuildConfiguration section */
		8F921C262468B3520009B7ED /* Debug */ = {
			isa = XCBuildConfiguration;
			buildSettings = {
				ALWAYS_SEARCH_USER_PATHS = NO;
				CLANG_ANALYZER_NONNULL = YES;
				CLANG_ANALYZER_NUMBER_OBJECT_CONVERSION = YES_AGGRESSIVE;
				CLANG_CXX_LANGUAGE_STANDARD = "gnu++14";
				CLANG_CXX_LIBRARY = "libc++";
				CLANG_ENABLE_MODULES = YES;
				CLANG_ENABLE_OBJC_ARC = YES;
				CLANG_ENABLE_OBJC_WEAK = YES;
				CLANG_WARN_BLOCK_CAPTURE_AUTORELEASING = YES;
				CLANG_WARN_BOOL_CONVERSION = YES;
				CLANG_WARN_COMMA = YES;
				CLANG_WARN_CONSTANT_CONVERSION = YES;
				CLANG_WARN_DEPRECATED_OBJC_IMPLEMENTATIONS = YES;
				CLANG_WARN_DIRECT_OBJC_ISA_USAGE = YES_ERROR;
				CLANG_WARN_DOCUMENTATION_COMMENTS = YES;
				CLANG_WARN_EMPTY_BODY = YES;
				CLANG_WARN_ENUM_CONVERSION = YES;
				CLANG_WARN_INFINITE_RECURSION = YES;
				CLANG_WARN_INT_CONVERSION = YES;
				CLANG_WARN_NON_LITERAL_NULL_CONVERSION = YES;
				CLANG_WARN_OBJC_IMPLICIT_RETAIN_SELF = YES;
				CLANG_WARN_OBJC_LITERAL_CONVERSION = YES;
				CLANG_WARN_OBJC_ROOT_CLASS = YES_ERROR;
				CLANG_WARN_RANGE_LOOP_ANALYSIS = YES;
				CLANG_WARN_STRICT_PROTOTYPES = YES;
				CLANG_WARN_SUSPICIOUS_MOVE = YES;
				CLANG_WARN_UNGUARDED_AVAILABILITY = YES_AGGRESSIVE;
				CLANG_WARN_UNREACHABLE_CODE = YES;
				CLANG_WARN__DUPLICATE_METHOD_MATCH = YES;
				COPY_PHASE_STRIP = NO;
				DEBUG_INFORMATION_FORMAT = dwarf;
				ENABLE_STRICT_OBJC_MSGSEND = YES;
				ENABLE_TESTABILITY = YES;
				GCC_C_LANGUAGE_STANDARD = gnu11;
				GCC_DYNAMIC_NO_PIC = NO;
				GCC_NO_COMMON_BLOCKS = YES;
				GCC_OPTIMIZATION_LEVEL = 0;
				GCC_PREPROCESSOR_DEFINITIONS = (
					"DEBUG=1",
					"$(inherited)",
				);
				GCC_WARN_64_TO_32_BIT_CONVERSION = YES;
				GCC_WARN_ABOUT_RETURN_TYPE = YES_ERROR;
				GCC_WARN_UNDECLARED_SELECTOR = YES;
				GCC_WARN_UNINITIALIZED_AUTOS = YES_AGGRESSIVE;
				GCC_WARN_UNUSED_FUNCTION = YES;
				GCC_WARN_UNUSED_VARIABLE = YES;
				IPHONEOS_DEPLOYMENT_TARGET = 13.4;
				MTL_ENABLE_DEBUG_INFO = INCLUDE_SOURCE;
				MTL_FAST_MATH = YES;
				ONLY_ACTIVE_ARCH = YES;
				SDKROOT = iphoneos;
				SWIFT_ACTIVE_COMPILATION_CONDITIONS = DEBUG;
				SWIFT_OPTIMIZATION_LEVEL = "-Onone";
			};
			name = Debug;
		};
		8F921C272468B3520009B7ED /* Release */ = {
			isa = XCBuildConfiguration;
			buildSettings = {
				ALWAYS_SEARCH_USER_PATHS = NO;
				CLANG_ANALYZER_NONNULL = YES;
				CLANG_ANALYZER_NUMBER_OBJECT_CONVERSION = YES_AGGRESSIVE;
				CLANG_CXX_LANGUAGE_STANDARD = "gnu++14";
				CLANG_CXX_LIBRARY = "libc++";
				CLANG_ENABLE_MODULES = YES;
				CLANG_ENABLE_OBJC_ARC = YES;
				CLANG_ENABLE_OBJC_WEAK = YES;
				CLANG_WARN_BLOCK_CAPTURE_AUTORELEASING = YES;
				CLANG_WARN_BOOL_CONVERSION = YES;
				CLANG_WARN_COMMA = YES;
				CLANG_WARN_CONSTANT_CONVERSION = YES;
				CLANG_WARN_DEPRECATED_OBJC_IMPLEMENTATIONS = YES;
				CLANG_WARN_DIRECT_OBJC_ISA_USAGE = YES_ERROR;
				CLANG_WARN_DOCUMENTATION_COMMENTS = YES;
				CLANG_WARN_EMPTY_BODY = YES;
				CLANG_WARN_ENUM_CONVERSION = YES;
				CLANG_WARN_INFINITE_RECURSION = YES;
				CLANG_WARN_INT_CONVERSION = YES;
				CLANG_WARN_NON_LITERAL_NULL_CONVERSION = YES;
				CLANG_WARN_OBJC_IMPLICIT_RETAIN_SELF = YES;
				CLANG_WARN_OBJC_LITERAL_CONVERSION = YES;
				CLANG_WARN_OBJC_ROOT_CLASS = YES_ERROR;
				CLANG_WARN_RANGE_LOOP_ANALYSIS = YES;
				CLANG_WARN_STRICT_PROTOTYPES = YES;
				CLANG_WARN_SUSPICIOUS_MOVE = YES;
				CLANG_WARN_UNGUARDED_AVAILABILITY = YES_AGGRESSIVE;
				CLANG_WARN_UNREACHABLE_CODE = YES;
				CLANG_WARN__DUPLICATE_METHOD_MATCH = YES;
				COPY_PHASE_STRIP = NO;
				DEBUG_INFORMATION_FORMAT = "dwarf-with-dsym";
				ENABLE_NS_ASSERTIONS = NO;
				ENABLE_STRICT_OBJC_MSGSEND = YES;
				GCC_C_LANGUAGE_STANDARD = gnu11;
				GCC_NO_COMMON_BLOCKS = YES;
				GCC_WARN_64_TO_32_BIT_CONVERSION = YES;
				GCC_WARN_ABOUT_RETURN_TYPE = YES_ERROR;
				GCC_WARN_UNDECLARED_SELECTOR = YES;
				GCC_WARN_UNINITIALIZED_AUTOS = YES_AGGRESSIVE;
				GCC_WARN_UNUSED_FUNCTION = YES;
				GCC_WARN_UNUSED_VARIABLE = YES;
				IPHONEOS_DEPLOYMENT_TARGET = 13.4;
				MTL_ENABLE_DEBUG_INFO = NO;
				MTL_FAST_MATH = YES;
				SDKROOT = iphoneos;
				SWIFT_COMPILATION_MODE = wholemodule;
				SWIFT_OPTIMIZATION_LEVEL = "-O";
				VALIDATE_PRODUCT = YES;
			};
			name = Release;
		};
		8F921C292468B3520009B7ED /* Debug */ = {
			isa = XCBuildConfiguration;
			buildSettings = {
				ASSETCATALOG_COMPILER_APPICON_NAME = AppIcon;
				CODE_SIGN_STYLE = Automatic;
				DEVELOPMENT_ASSET_PATHS = "\"DriveSafe/Preview Content\"";
				DEVELOPMENT_TEAM = Y2S3FA4H94;
				ENABLE_PREVIEWS = YES;
				INFOPLIST_FILE = DriveSafe/Info.plist;
				LD_RUNPATH_SEARCH_PATHS = (
					"$(inherited)",
					"@executable_path/Frameworks",
				);
				PRODUCT_BUNDLE_IDENTIFIER = Baldwin.DriveSafe;
				PRODUCT_NAME = "$(TARGET_NAME)";
				SWIFT_VERSION = 5.0;
				TARGETED_DEVICE_FAMILY = "1,2";
			};
			name = Debug;
		};
		8F921C2A2468B3520009B7ED /* Release */ = {
			isa = XCBuildConfiguration;
			buildSettings = {
				ASSETCATALOG_COMPILER_APPICON_NAME = AppIcon;
				CODE_SIGN_STYLE = Automatic;
				DEVELOPMENT_ASSET_PATHS = "\"DriveSafe/Preview Content\"";
				DEVELOPMENT_TEAM = Y2S3FA4H94;
				ENABLE_PREVIEWS = YES;
				INFOPLIST_FILE = DriveSafe/Info.plist;
				LD_RUNPATH_SEARCH_PATHS = (
					"$(inherited)",
					"@executable_path/Frameworks",
				);
				PRODUCT_BUNDLE_IDENTIFIER = Baldwin.DriveSafe;
				PRODUCT_NAME = "$(TARGET_NAME)";
				SWIFT_VERSION = 5.0;
				TARGETED_DEVICE_FAMILY = "1,2";
			};
			name = Release;
		};
		8F921C2C2468B3520009B7ED /* Debug */ = {
			isa = XCBuildConfiguration;
			buildSettings = {
				ALWAYS_EMBED_SWIFT_STANDARD_LIBRARIES = YES;
				BUNDLE_LOADER = "$(TEST_HOST)";
				CODE_SIGN_STYLE = Automatic;
				DEVELOPMENT_TEAM = Y2S3FA4H94;
				INFOPLIST_FILE = DriveSafeTests/Info.plist;
				IPHONEOS_DEPLOYMENT_TARGET = 13.4;
				LD_RUNPATH_SEARCH_PATHS = (
					"$(inherited)",
					"@executable_path/Frameworks",
					"@loader_path/Frameworks",
				);
				PRODUCT_BUNDLE_IDENTIFIER = Baldwin.DriveSafeTests;
				PRODUCT_NAME = "$(TARGET_NAME)";
				SWIFT_VERSION = 5.0;
				TARGETED_DEVICE_FAMILY = "1,2";
				TEST_HOST = "$(BUILT_PRODUCTS_DIR)/DriveSafe.app/DriveSafe";
			};
			name = Debug;
		};
		8F921C2D2468B3520009B7ED /* Release */ = {
			isa = XCBuildConfiguration;
			buildSettings = {
				ALWAYS_EMBED_SWIFT_STANDARD_LIBRARIES = YES;
				BUNDLE_LOADER = "$(TEST_HOST)";
				CODE_SIGN_STYLE = Automatic;
				DEVELOPMENT_TEAM = Y2S3FA4H94;
				INFOPLIST_FILE = DriveSafeTests/Info.plist;
				IPHONEOS_DEPLOYMENT_TARGET = 13.4;
				LD_RUNPATH_SEARCH_PATHS = (
					"$(inherited)",
					"@executable_path/Frameworks",
					"@loader_path/Frameworks",
				);
				PRODUCT_BUNDLE_IDENTIFIER = Baldwin.DriveSafeTests;
				PRODUCT_NAME = "$(TARGET_NAME)";
				SWIFT_VERSION = 5.0;
				TARGETED_DEVICE_FAMILY = "1,2";
				TEST_HOST = "$(BUILT_PRODUCTS_DIR)/DriveSafe.app/DriveSafe";
			};
			name = Release;
		};
/* End XCBuildConfiguration section */

/* Begin XCConfigurationList section */
		8F921C042468B34F0009B7ED /* Build configuration list for PBXProject "DriveSafe" */ = {
			isa = XCConfigurationList;
			buildConfigurations = (
				8F921C262468B3520009B7ED /* Debug */,
				8F921C272468B3520009B7ED /* Release */,
			);
			defaultConfigurationIsVisible = 0;
			defaultConfigurationName = Release;
		};
		8F921C282468B3520009B7ED /* Build configuration list for PBXNativeTarget "DriveSafe" */ = {
			isa = XCConfigurationList;
			buildConfigurations = (
				8F921C292468B3520009B7ED /* Debug */,
				8F921C2A2468B3520009B7ED /* Release */,
			);
			defaultConfigurationIsVisible = 0;
			defaultConfigurationName = Release;
		};
		8F921C2B2468B3520009B7ED /* Build configuration list for PBXNativeTarget "DriveSafeTests" */ = {
			isa = XCConfigurationList;
			buildConfigurations = (
				8F921C2C2468B3520009B7ED /* Debug */,
				8F921C2D2468B3520009B7ED /* Release */,
			);
			defaultConfigurationIsVisible = 0;
			defaultConfigurationName = Release;
		};
/* End XCConfigurationList section */
	};
	rootObject = 8F921C012468B34F0009B7ED /* Project object */;
}
